
Microsoft Visual Studio Solution File, Format Version 12.00
# Visual Studio Version 17
VisualStudioVersion = 17.13.35931.197 d17.13
MinimumVisualStudioVersion = 10.0.40219.1
Project("{FAE04EC0-301F-11D3-BF4B-00C04F79EFBC}") = "WinAuthMVC", "WinAuthMVC\WinAuthMVC.csproj", "{1F0AC7DD-F6DF-4365-90BB-BE57223A2E84}"
EndProject
Global
	GlobalSection(SolutionConfigurationPlatforms) = preSolution
		Debug|Any CPU = Debug|Any CPU
		Release|Any CPU = Release|Any CPU
	EndGlobalSection
	GlobalSection(ProjectConfigurationPlatforms) = postSolution
		{1F0AC7DD-F6DF-4365-90BB-BE57223A2E84}.Debug|Any CPU.ActiveCfg = Debug|Any CPU
		{1F0AC7DD-F6DF-4365-90BB-BE57223A2E84}.Debug|Any CPU.Build.0 = Debug|Any CPU
		{1F0AC7DD-F6DF-4365-90BB-BE57223A2E84}.Release|Any CPU.ActiveCfg = Release|Any CPU
		{1F0AC7DD-F6DF-4365-90BB-BE57223A2E84}.Release|Any CPU.Build.0 = Release|Any CPU
	EndGlobalSection
	GlobalSection(SolutionProperties) = preSolution
		HideSolutionNode = FALSE
	EndGlobalSection
	GlobalSection(ExtensibilityGlobals) = postSolution
		SolutionGuid = {6B49B778-DC57-45C7-90C2-E200CA4D78D8}
	EndGlobalSection
EndGlobal
